
Microsoft Visual Studio Solution File, Format Version 12.00
# Visual Studio Version 16
VisualStudioVersion = 16.0.29924.181
MinimumVisualStudioVersion = 10.0.40219.1
Project("{9A19103F-16F7-4668-BE54-9A1E7A4F7556}") = "Math.Core", "Math.Core\Math.Core.csproj", "{29010489-80D4-4CE8-9FB1-752C16127236}"
EndProject
Project("{9A19103F-16F7-4668-BE54-9A1E7A4F7556}") = "Math.Core.Tests", "Math.Core.Tests\Math.Core.Tests.csproj", "{E0B1D6E4-018A-4BBB-BBFC-C2F954C3F8E7}"
EndProject
Project("{FAE04EC0-301F-11D3-BF4B-00C04F79EFBC}") = "Math.SetTheory", "Math.SetTheory\Math.SetTheory.csproj", "{175A0639-C5D2-4886-A189-BC8F49008FCA}"
EndProject
Project("{FAE04EC0-301F-11D3-BF4B-00C04F79EFBC}") = "Math.SetTheory.Tests", "Math.SetTheory.Tests\Math.SetTheory.Tests.csproj", "{6DBD861E-298D-4D7B-B9EE-E7A5EB75100C}"
EndProject
Global
	GlobalSection(SolutionConfigurationPlatforms) = preSolution
		Debug|Any CPU = Debug|Any CPU
		Release|Any CPU = Release|Any CPU
	EndGlobalSection
	GlobalSection(ProjectConfigurationPlatforms) = postSolution
		{29010489-80D4-4CE8-9FB1-752C16127236}.Debug|Any CPU.ActiveCfg = Debug|Any CPU
		{29010489-80D4-4CE8-9FB1-752C16127236}.Debug|Any CPU.Build.0 = Debug|Any CPU
		{29010489-80D4-4CE8-9FB1-752C16127236}.Release|Any CPU.ActiveCfg = Release|Any CPU
		{29010489-80D4-4CE8-9FB1-752C16127236}.Release|Any CPU.Build.0 = Release|Any CPU
		{E0B1D6E4-018A-4BBB-BBFC-C2F954C3F8E7}.Debug|Any CPU.ActiveCfg = Debug|Any CPU
		{E0B1D6E4-018A-4BBB-BBFC-C2F954C3F8E7}.Debug|Any CPU.Build.0 = Debug|Any CPU
		{E0B1D6E4-018A-4BBB-BBFC-C2F954C3F8E7}.Release|Any CPU.ActiveCfg = Release|Any CPU
		{E0B1D6E4-018A-4BBB-BBFC-C2F954C3F8E7}.Release|Any CPU.Build.0 = Release|Any CPU
		{175A0639-C5D2-4886-A189-BC8F49008FCA}.Debug|Any CPU.ActiveCfg = Debug|Any CPU
		{175A0639-C5D2-4886-A189-BC8F49008FCA}.Debug|Any CPU.Build.0 = Debug|Any CPU
		{175A0639-C5D2-4886-A189-BC8F49008FCA}.Release|Any CPU.ActiveCfg = Release|Any CPU
		{175A0639-C5D2-4886-A189-BC8F49008FCA}.Release|Any CPU.Build.0 = Release|Any CPU
		{6DBD861E-298D-4D7B-B9EE-E7A5EB75100C}.Debug|Any CPU.ActiveCfg = Debug|Any CPU
		{6DBD861E-298D-4D7B-B9EE-E7A5EB75100C}.Debug|Any CPU.Build.0 = Debug|Any CPU
		{6DBD861E-298D-4D7B-B9EE-E7A5EB75100C}.Release|Any CPU.ActiveCfg = Release|Any CPU
		{6DBD861E-298D-4D7B-B9EE-E7A5EB75100C}.Release|Any CPU.Build.0 = Release|Any CPU
	EndGlobalSection
	GlobalSection(SolutionProperties) = preSolution
		HideSolutionNode = FALSE
	EndGlobalSection
	GlobalSection(ExtensibilityGlobals) = postSolution
		SolutionGuid = {A61586EA-0EEA-4E36-B54E-205EA783ED1B}
	EndGlobalSection
EndGlobal
